// !$*UTF8*$!
{
	archiveVersion = 1;
	classes = {
	};
	objectVersion = 50;
	objects = {

/* Begin PBXBuildFile section */
		D32C120F23DE89D60036EC91 /* image_io.cpp in Sources */ = {isa = PBXBuildFile; fileRef = D32C120D23DE89D60036EC91 /* image_io.cpp */; };
		D32C121323DFCFE90036EC91 /* path_tracer.cpp in Sources */ = {isa = PBXBuildFile; fileRef = D32C121123DFCFE90036EC91 /* path_tracer.cpp */; };
		D3FC001A23CC15EA00309664 /* main.cpp in Sources */ = {isa = PBXBuildFile; fileRef = D3FC001923CC15EA00309664 /* main.cpp */; };
/* End PBXBuildFile section */

/* Begin PBXCopyFilesBuildPhase section */
		D3FC001423CC15EA00309664 /* CopyFiles */ = {
			isa = PBXCopyFilesBuildPhase;
			buildActionMask = 2147483647;
			dstPath = /usr/share/man/man1/;
			dstSubfolderSpec = 0;
			files = (
			);
			runOnlyForDeploymentPostprocessing = 1;
		};
/* End PBXCopyFilesBuildPhase section */

/* Begin PBXFileReference section */
		D30B4C4023E1CAC4007009D7 /* light.hpp */ = {isa = PBXFileReference; lastKnownFileType = sourcecode.cpp.h; path = light.hpp; sourceTree = "<group>"; };
		D32C120723DADEE50036EC91 /* global.hpp */ = {isa = PBXFileReference; lastKnownFileType = sourcecode.cpp.h; path = global.hpp; sourceTree = "<group>"; };
		D32C120D23DE89D60036EC91 /* image_io.cpp */ = {isa = PBXFileReference; lastKnownFileType = sourcecode.cpp.cpp; path = image_io.cpp; sourceTree = "<group>"; };
		D32C120E23DE89D60036EC91 /* image_io.hpp */ = {isa = PBXFileReference; lastKnownFileType = sourcecode.cpp.h; path = image_io.hpp; sourceTree = "<group>"; };
		D32C121123DFCFE90036EC91 /* path_tracer.cpp */ = {isa = PBXFileReference; lastKnownFileType = sourcecode.cpp.cpp; path = path_tracer.cpp; sourceTree = "<group>"; };
		D32C121223DFCFE90036EC91 /* path_tracer.hpp */ = {isa = PBXFileReference; lastKnownFileType = sourcecode.cpp.h; path = path_tracer.hpp; sourceTree = "<group>"; };
		D3FC001623CC15EA00309664 /* Eureka */ = {isa = PBXFileReference; explicitFileType = "compiled.mach-o.executable"; includeInIndex = 0; path = Eureka; sourceTree = BUILT_PRODUCTS_DIR; };
		D3FC001923CC15EA00309664 /* main.cpp */ = {isa = PBXFileReference; lastKnownFileType = sourcecode.cpp.cpp; path = main.cpp; sourceTree = "<group>"; };
		D3FC002023D6FCFF00309664 /* geometry.hpp */ = {isa = PBXFileReference; lastKnownFileType = sourcecode.cpp.h; path = geometry.hpp; sourceTree = "<group>"; };
		D3FC002523D9972B00309664 /* ray.hpp */ = {isa = PBXFileReference; lastKnownFileType = sourcecode.cpp.h; path = ray.hpp; sourceTree = "<group>"; };
		D3FC002723D9981D00309664 /* object.hpp */ = {isa = PBXFileReference; lastKnownFileType = sourcecode.cpp.h; path = object.hpp; sourceTree = "<group>"; };
		D3FC002823D9982F00309664 /* sphere.hpp */ = {isa = PBXFileReference; lastKnownFileType = sourcecode.cpp.h; path = sphere.hpp; sourceTree = "<group>"; };
/* End PBXFileReference section */

/* Begin PBXFrameworksBuildPhase section */
		D3FC001323CC15EA00309664 /* Frameworks */ = {
			isa = PBXFrameworksBuildPhase;
			buildActionMask = 2147483647;
			files = (
			);
			runOnlyForDeploymentPostprocessing = 0;
		};
/* End PBXFrameworksBuildPhase section */

/* Begin PBXGroup section */
		D32C120623DADE810036EC91 /* utility */ = {
			isa = PBXGroup;
			children = (
				D32C120723DADEE50036EC91 /* global.hpp */,
				D32C120D23DE89D60036EC91 /* image_io.cpp */,
				D32C120E23DE89D60036EC91 /* image_io.hpp */,
			);
			path = utility;
			sourceTree = "<group>";
		};
		D32C120C23DE89290036EC91 /* light */ = {
			isa = PBXGroup;
			children = (
				D30B4C4023E1CAC4007009D7 /* light.hpp */,
			);
			path = light;
			sourceTree = "<group>";
		};
		D32C121023DFCF920036EC91 /* core */ = {
			isa = PBXGroup;
			children = (
				D32C121123DFCFE90036EC91 /* path_tracer.cpp */,
				D32C121223DFCFE90036EC91 /* path_tracer.hpp */,
			);
			path = core;
			sourceTree = "<group>";
		};
		D3FC000D23CC15EA00309664 = {
			isa = PBXGroup;
			children = (
				D3FC001823CC15EA00309664 /* Eureka */,
				D3FC001723CC15EA00309664 /* Products */,
			);
			sourceTree = "<group>";
		};
		D3FC001723CC15EA00309664 /* Products */ = {
			isa = PBXGroup;
			children = (
				D3FC001623CC15EA00309664 /* Eureka */,
			);
			name = Products;
			sourceTree = "<group>";
		};
		D3FC001823CC15EA00309664 /* Eureka */ = {
			isa = PBXGroup;
			children = (
				D32C121023DFCF920036EC91 /* core */,
				D32C120C23DE89290036EC91 /* light */,
				D32C120623DADE810036EC91 /* utility */,
				D3FC002623D9980000309664 /* object */,
				D3FC002423D9967D00309664 /* geometry */,
				D3FC001923CC15EA00309664 /* main.cpp */,
			);
			path = Eureka;
			sourceTree = "<group>";
		};
		D3FC002423D9967D00309664 /* geometry */ = {
			isa = PBXGroup;
			children = (
				D3FC002023D6FCFF00309664 /* geometry.hpp */,
				D3FC002523D9972B00309664 /* ray.hpp */,
			);
			path = geometry;
			sourceTree = "<group>";
		};
		D3FC002623D9980000309664 /* object */ = {
			isa = PBXGroup;
			children = (
				D3FC002723D9981D00309664 /* object.hpp */,
				D3FC002823D9982F00309664 /* sphere.hpp */,
			);
			path = object;
			sourceTree = "<group>";
		};
/* End PBXGroup section */

/* Begin PBXNativeTarget section */
		D3FC001523CC15EA00309664 /* Eureka */ = {
			isa = PBXNativeTarget;
			buildConfigurationList = D3FC001D23CC15EA00309664 /* Build configuration list for PBXNativeTarget "Eureka" */;
			buildPhases = (
				D3FC001223CC15EA00309664 /* Sources */,
				D3FC001323CC15EA00309664 /* Frameworks */,
				D3FC001423CC15EA00309664 /* CopyFiles */,
			);
			buildRules = (
			);
			dependencies = (
			);
			name = Eureka;
			productName = Eureka;
			productReference = D3FC001623CC15EA00309664 /* Eureka */;
			productType = "com.apple.product-type.tool";
		};
/* End PBXNativeTarget section */

/* Begin PBXProject section */
		D3FC000E23CC15EA00309664 /* Project object */ = {
			isa = PBXProject;
			attributes = {
				LastUpgradeCheck = 1010;
				ORGANIZATIONNAME = Jaythan;
				TargetAttributes = {
					D3FC001523CC15EA00309664 = {
						CreatedOnToolsVersion = 10.1;
					};
				};
			};
			buildConfigurationList = D3FC001123CC15EA00309664 /* Build configuration list for PBXProject "Eureka" */;
			compatibilityVersion = "Xcode 9.3";
			developmentRegion = en;
			hasScannedForEncodings = 0;
			knownRegions = (
				en,
			);
			mainGroup = D3FC000D23CC15EA00309664;
			productRefGroup = D3FC001723CC15EA00309664 /* Products */;
			projectDirPath = "";
			projectRoot = "";
			targets = (
				D3FC001523CC15EA00309664 /* Eureka */,
			);
		};
/* End PBXProject section */

/* Begin PBXSourcesBuildPhase section */
		D3FC001223CC15EA00309664 /* Sources */ = {
			isa = PBXSourcesBuildPhase;
			buildActionMask = 2147483647;
			files = (
				D3FC001A23CC15EA00309664 /* main.cpp in Sources */,
				D32C121323DFCFE90036EC91 /* path_tracer.cpp in Sources */,
				D32C120F23DE89D60036EC91 /* image_io.cpp in Sources */,
			);
			runOnlyForDeploymentPostprocessing = 0;
		};
/* End PBXSourcesBuildPhase section */

/* Begin XCBuildConfiguration section */
		D3FC001B23CC15EA00309664 /* Debug */ = {
			isa = XCBuildConfiguration;
			buildSettings = {
				ALWAYS_SEARCH_USER_PATHS = NO;
				CLANG_ANALYZER_NONNULL = YES;
				CLANG_ANALYZER_NUMBER_OBJECT_CONVERSION = YES_AGGRESSIVE;
				CLANG_CXX_LANGUAGE_STANDARD = "gnu++14";
				CLANG_CXX_LIBRARY = "libc++";
				CLANG_ENABLE_MODULES = YES;
				CLANG_ENABLE_OBJC_ARC = YES;
				CLANG_ENABLE_OBJC_WEAK = YES;
				CLANG_WARN_BLOCK_CAPTURE_AUTORELEASING = YES;
				CLANG_WARN_BOOL_CONVERSION = YES;
				CLANG_WARN_COMMA = YES;
				CLANG_WARN_CONSTANT_CONVERSION = YES;
				CLANG_WARN_DEPRECATED_OBJC_IMPLEMENTATIONS = YES;
				CLANG_WARN_DIRECT_OBJC_ISA_USAGE = YES_ERROR;
				CLANG_WARN_DOCUMENTATION_COMMENTS = YES;
				CLANG_WARN_EMPTY_BODY = YES;
				CLANG_WARN_ENUM_CONVERSION = YES;
				CLANG_WARN_INFINITE_RECURSION = YES;
				CLANG_WARN_INT_CONVERSION = YES;
				CLANG_WARN_NON_LITERAL_NULL_CONVERSION = YES;
				CLANG_WARN_OBJC_IMPLICIT_RETAIN_SELF = YES;
				CLANG_WARN_OBJC_LITERAL_CONVERSION = YES;
				CLANG_WARN_OBJC_ROOT_CLASS = YES_ERROR;
				CLANG_WARN_RANGE_LOOP_ANALYSIS = YES;
				CLANG_WARN_STRICT_PROTOTYPES = YES;
				CLANG_WARN_SUSPICIOUS_MOVE = YES;
				CLANG_WARN_UNGUARDED_AVAILABILITY = YES_AGGRESSIVE;
				CLANG_WARN_UNREACHABLE_CODE = YES;
				CLANG_WARN__DUPLICATE_METHOD_MATCH = YES;
				CODE_SIGN_IDENTITY = "-";
				COPY_PHASE_STRIP = NO;
				DEBUG_INFORMATION_FORMAT = dwarf;
				ENABLE_STRICT_OBJC_MSGSEND = YES;
				ENABLE_TESTABILITY = YES;
				GCC_C_LANGUAGE_STANDARD = gnu11;
				GCC_DYNAMIC_NO_PIC = NO;
				GCC_NO_COMMON_BLOCKS = YES;
				GCC_OPTIMIZATION_LEVEL = 0;
				GCC_PREPROCESSOR_DEFINITIONS = (
					"DEBUG=1",
					"$(inherited)",
				);
				GCC_WARN_64_TO_32_BIT_CONVERSION = YES;
				GCC_WARN_ABOUT_RETURN_TYPE = YES_ERROR;
				GCC_WARN_UNDECLARED_SELECTOR = YES;
				GCC_WARN_UNINITIALIZED_AUTOS = YES_AGGRESSIVE;
				GCC_WARN_UNUSED_FUNCTION = YES;
				GCC_WARN_UNUSED_VARIABLE = YES;
				MACOSX_DEPLOYMENT_TARGET = 10.14;
				MTL_ENABLE_DEBUG_INFO = INCLUDE_SOURCE;
				MTL_FAST_MATH = YES;
				ONLY_ACTIVE_ARCH = YES;
				SDKROOT = macosx;
			};
			name = Debug;
		};
		D3FC001C23CC15EA00309664 /* Release */ = {
			isa = XCBuildConfiguration;
			buildSettings = {
				ALWAYS_SEARCH_USER_PATHS = NO;
				CLANG_ANALYZER_NONNULL = YES;
				CLANG_ANALYZER_NUMBER_OBJECT_CONVERSION = YES_AGGRESSIVE;
				CLANG_CXX_LANGUAGE_STANDARD = "gnu++14";
				CLANG_CXX_LIBRARY = "libc++";
				CLANG_ENABLE_MODULES = YES;
				CLANG_ENABLE_OBJC_ARC = YES;
				CLANG_ENABLE_OBJC_WEAK = YES;
				CLANG_WARN_BLOCK_CAPTURE_AUTORELEASING = YES;
				CLANG_WARN_BOOL_CONVERSION = YES;
				CLANG_WARN_COMMA = YES;
				CLANG_WARN_CONSTANT_CONVERSION = YES;
				CLANG_WARN_DEPRECATED_OBJC_IMPLEMENTATIONS = YES;
				CLANG_WARN_DIRECT_OBJC_ISA_USAGE = YES_ERROR;
				CLANG_WARN_DOCUMENTATION_COMMENTS = YES;
				CLANG_WARN_EMPTY_BODY = YES;
				CLANG_WARN_ENUM_CONVERSION = YES;
				CLANG_WARN_INFINITE_RECURSION = YES;
				CLANG_WARN_INT_CONVERSION = YES;
				CLANG_WARN_NON_LITERAL_NULL_CONVERSION = YES;
				CLANG_WARN_OBJC_IMPLICIT_RETAIN_SELF = YES;
				CLANG_WARN_OBJC_LITERAL_CONVERSION = YES;
				CLANG_WARN_OBJC_ROOT_CLASS = YES_ERROR;
				CLANG_WARN_RANGE_LOOP_ANALYSIS = YES;
				CLANG_WARN_STRICT_PROTOTYPES = YES;
				CLANG_WARN_SUSPICIOUS_MOVE = YES;
				CLANG_WARN_UNGUARDED_AVAILABILITY = YES_AGGRESSIVE;
				CLANG_WARN_UNREACHABLE_CODE = YES;
				CLANG_WARN__DUPLICATE_METHOD_MATCH = YES;
				CODE_SIGN_IDENTITY = "-";
				COPY_PHASE_STRIP = NO;
				DEBUG_INFORMATION_FORMAT = "dwarf-with-dsym";
				ENABLE_NS_ASSERTIONS = NO;
				ENABLE_STRICT_OBJC_MSGSEND = YES;
				GCC_C_LANGUAGE_STANDARD = gnu11;
				GCC_NO_COMMON_BLOCKS = YES;
				GCC_WARN_64_TO_32_BIT_CONVERSION = YES;
				GCC_WARN_ABOUT_RETURN_TYPE = YES_ERROR;
				GCC_WARN_UNDECLARED_SELECTOR = YES;
				GCC_WARN_UNINITIALIZED_AUTOS = YES_AGGRESSIVE;
				GCC_WARN_UNUSED_FUNCTION = YES;
				GCC_WARN_UNUSED_VARIABLE = YES;
				MACOSX_DEPLOYMENT_TARGET = 10.14;
				MTL_ENABLE_DEBUG_INFO = NO;
				MTL_FAST_MATH = YES;
				SDKROOT = macosx;
			};
			name = Release;
		};
		D3FC001E23CC15EA00309664 /* Debug */ = {
			isa = XCBuildConfiguration;
			buildSettings = {
				CODE_SIGN_STYLE = Automatic;
				PRODUCT_NAME = "$(TARGET_NAME)";
			};
			name = Debug;
		};
		D3FC001F23CC15EA00309664 /* Release */ = {
			isa = XCBuildConfiguration;
			buildSettings = {
				CODE_SIGN_STYLE = Automatic;
				PRODUCT_NAME = "$(TARGET_NAME)";
			};
			name = Release;
		};
/* End XCBuildConfiguration section */

/* Begin XCConfigurationList section */
		D3FC001123CC15EA00309664 /* Build configuration list for PBXProject "Eureka" */ = {
			isa = XCConfigurationList;
			buildConfigurations = (
				D3FC001B23CC15EA00309664 /* Debug */,
				D3FC001C23CC15EA00309664 /* Release */,
			);
			defaultConfigurationIsVisible = 0;
			defaultConfigurationName = Release;
		};
		D3FC001D23CC15EA00309664 /* Build configuration list for PBXNativeTarget "Eureka" */ = {
			isa = XCConfigurationList;
			buildConfigurations = (
				D3FC001E23CC15EA00309664 /* Debug */,
				D3FC001F23CC15EA00309664 /* Release */,
			);
			defaultConfigurationIsVisible = 0;
			defaultConfigurationName = Release;
		};
/* End XCConfigurationList section */
	};
	rootObject = D3FC000E23CC15EA00309664 /* Project object */;
}
